
Microsoft Visual Studio Solution File, Format Version 12.00
# Visual Studio Version 16
VisualStudioVersion = 16.0.29519.87
MinimumVisualStudioVersion = 10.0.40219.1
Project("{9A19103F-16F7-4668-BE54-9A1E7A4F7556}") = "UTM.Presentation", "UTM\UTM.Presentation.csproj", "{57EE2031-A681-4B87-A621-AA1ACDA494DE}"
EndProject
Project("{FAE04EC0-301F-11D3-BF4B-00C04F79EFBC}") = "UTM.DLL", "UTM.DLL\UTM.DLL.csproj", "{A085E8C2-C984-4C47-B1CE-51BA3DE348FE}"
EndProject
Project("{FAE04EC0-301F-11D3-BF4B-00C04F79EFBC}") = "UTM.BLL", "UTM.BLL\UTM.BLL.csproj", "{EB026AAC-EAAB-4784-8FDB-FC264647ABA6}"
EndProject
Global
	GlobalSection(SolutionConfigurationPlatforms) = preSolution
		Debug|Any CPU = Debug|Any CPU
		Release|Any CPU = Release|Any CPU
	EndGlobalSection
	GlobalSection(ProjectConfigurationPlatforms) = postSolution
		{57EE2031-A681-4B87-A621-AA1ACDA494DE}.Debug|Any CPU.ActiveCfg = Debug|Any CPU
		{57EE2031-A681-4B87-A621-AA1ACDA494DE}.Debug|Any CPU.Build.0 = Debug|Any CPU
		{57EE2031-A681-4B87-A621-AA1ACDA494DE}.Release|Any CPU.ActiveCfg = Release|Any CPU
		{57EE2031-A681-4B87-A621-AA1ACDA494DE}.Release|Any CPU.Build.0 = Release|Any CPU
		{A085E8C2-C984-4C47-B1CE-51BA3DE348FE}.Debug|Any CPU.ActiveCfg = Debug|Any CPU
		{A085E8C2-C984-4C47-B1CE-51BA3DE348FE}.Debug|Any CPU.Build.0 = Debug|Any CPU
		{A085E8C2-C984-4C47-B1CE-51BA3DE348FE}.Release|Any CPU.ActiveCfg = Release|Any CPU
		{A085E8C2-C984-4C47-B1CE-51BA3DE348FE}.Release|Any CPU.Build.0 = Release|Any CPU
		{EB026AAC-EAAB-4784-8FDB-FC264647ABA6}.Debug|Any CPU.ActiveCfg = Debug|Any CPU
		{EB026AAC-EAAB-4784-8FDB-FC264647ABA6}.Debug|Any CPU.Build.0 = Debug|Any CPU
		{EB026AAC-EAAB-4784-8FDB-FC264647ABA6}.Release|Any CPU.ActiveCfg = Release|Any CPU
		{EB026AAC-EAAB-4784-8FDB-FC264647ABA6}.Release|Any CPU.Build.0 = Release|Any CPU
	EndGlobalSection
	GlobalSection(SolutionProperties) = preSolution
		HideSolutionNode = FALSE
	EndGlobalSection
	GlobalSection(ExtensibilityGlobals) = postSolution
		SolutionGuid = {C8BB1FD6-064B-4CF0-AB28-6B0A371EC056}
	EndGlobalSection
EndGlobal
