
Microsoft Visual Studio Solution File, Format Version 12.00
# Visual Studio Version 16
VisualStudioVersion = 16.0.29519.87
MinimumVisualStudioVersion = 10.0.40219.1
Project("{FAE04EC0-301F-11D3-BF4B-00C04F79EFBC}") = "UTM", "UTM\UTM.csproj", "{57EE2031-A681-4B87-A621-AA1ACDA494DE}"
EndProject
Global
	GlobalSection(SolutionConfigurationPlatforms) = preSolution
		Debug|Any CPU = Debug|Any CPU
		Release|Any CPU = Release|Any CPU
	EndGlobalSection
	GlobalSection(ProjectConfigurationPlatforms) = postSolution
		{57EE2031-A681-4B87-A621-AA1ACDA494DE}.Debug|Any CPU.ActiveCfg = Debug|Any CPU
		{57EE2031-A681-4B87-A621-AA1ACDA494DE}.Debug|Any CPU.Build.0 = Debug|Any CPU
		{57EE2031-A681-4B87-A621-AA1ACDA494DE}.Release|Any CPU.ActiveCfg = Release|Any CPU
		{57EE2031-A681-4B87-A621-AA1ACDA494DE}.Release|Any CPU.Build.0 = Release|Any CPU
	EndGlobalSection
	GlobalSection(SolutionProperties) = preSolution
		HideSolutionNode = FALSE
	EndGlobalSection
	GlobalSection(ExtensibilityGlobals) = postSolution
		SolutionGuid = {C8BB1FD6-064B-4CF0-AB28-6B0A371EC056}
	EndGlobalSection
EndGlobal
